// !$*UTF8*$!
{
	archiveVersion = 1;
	classes = {
	};
	objectVersion = 46;
	objects = {

/* Begin PBXBuildFile section */
		55F6FDF1E0146D6F7E6A2858 /* libPods.a in Frameworks */ = {isa = PBXBuildFile; fileRef = 4577FED980A3FE4A17E106BF /* libPods.a */; };
		BC58EA8E1C97DD6A001D40B0 /* YYKAppSpreadModel.m in Sources */ = {isa = PBXBuildFile; fileRef = BC58EA8D1C97DD6A001D40B0 /* YYKAppSpreadModel.m */; };
		BC58EA911C9800EF001D40B0 /* KSCrash.framework in Frameworks */ = {isa = PBXBuildFile; fileRef = BC58EA901C9800EF001D40B0 /* KSCrash.framework */; };
		BC660B081C97243F00E04D23 /* YYKPaymentManager.m in Sources */ = {isa = PBXBuildFile; fileRef = BC660B071C97243F00E04D23 /* YYKPaymentManager.m */; };
		BC660B0E1C9724A200E04D23 /* AlipaySDK.framework in Frameworks */ = {isa = PBXBuildFile; fileRef = BC660B0B1C9724A200E04D23 /* AlipaySDK.framework */; };
		BC660B0F1C9724A300E04D23 /* IapppayAlphaKit.framework in Frameworks */ = {isa = PBXBuildFile; fileRef = BC660B0C1C9724A200E04D23 /* IapppayAlphaKit.framework */; };
		BC660B101C9724A300E04D23 /* IapppayAlphaResource.bundle in Resources */ = {isa = PBXBuildFile; fileRef = BC660B0D1C9724A200E04D23 /* IapppayAlphaResource.bundle */; };
		BC660B121C97275100E04D23 /* libc++.tbd in Frameworks */ = {isa = PBXBuildFile; fileRef = BC660B111C97275100E04D23 /* libc++.tbd */; };
		BCE256031C966A8E00133F4F /* main.m in Sources */ = {isa = PBXBuildFile; fileRef = BCE256021C966A8E00133F4F /* main.m */; };
		BCE2560E1C966A8E00133F4F /* Assets.xcassets in Resources */ = {isa = PBXBuildFile; fileRef = BCE2560D1C966A8E00133F4F /* Assets.xcassets */; };
		BCE256111C966A8E00133F4F /* LaunchScreen.storyboard in Resources */ = {isa = PBXBuildFile; fileRef = BCE2560F1C966A8E00133F4F /* LaunchScreen.storyboard */; };
		BCE2561C1C966A8E00133F4F /* YYKuaiboTests.m in Sources */ = {isa = PBXBuildFile; fileRef = BCE2561B1C966A8E00133F4F /* YYKuaiboTests.m */; };
		BCE256361C966ACD00133F4F /* YYKAppDelegate.m in Sources */ = {isa = PBXBuildFile; fileRef = BCE256351C966ACD00133F4F /* YYKAppDelegate.m */; };
		BCE256621C966C2600133F4F /* YYKBaseViewController.m in Sources */ = {isa = PBXBuildFile; fileRef = BCE2563B1C966C2600133F4F /* YYKBaseViewController.m */; };
		BCE256631C966C2600133F4F /* YYKPaymentViewController.m in Sources */ = {isa = PBXBuildFile; fileRef = BCE2563D1C966C2600133F4F /* YYKPaymentViewController.m */; };
		BCE256651C966C2600133F4F /* YYKActivateModel.m in Sources */ = {isa = PBXBuildFile; fileRef = BCE256421C966C2600133F4F /* YYKActivateModel.m */; };
		BCE256661C966C2600133F4F /* YYKEncryptedURLRequest.m in Sources */ = {isa = PBXBuildFile; fileRef = BCE256441C966C2600133F4F /* YYKEncryptedURLRequest.m */; };
		BCE256671C966C2600133F4F /* YYKPaymentInfo.m in Sources */ = {isa = PBXBuildFile; fileRef = BCE256461C966C2600133F4F /* YYKPaymentInfo.m */; };
		BCE256681C966C2600133F4F /* YYKPaymentModel.m in Sources */ = {isa = PBXBuildFile; fileRef = BCE256481C966C2600133F4F /* YYKPaymentModel.m */; };
		BCE256691C966C2600133F4F /* YYKPaymentSignModel.m in Sources */ = {isa = PBXBuildFile; fileRef = BCE2564A1C966C2600133F4F /* YYKPaymentSignModel.m */; };
		BCE2566A1C966C2600133F4F /* YYKProgram.m in Sources */ = {isa = PBXBuildFile; fileRef = BCE2564C1C966C2600133F4F /* YYKProgram.m */; };
		BCE2566B1C966C2600133F4F /* YYKSystemConfig.m in Sources */ = {isa = PBXBuildFile; fileRef = BCE2564E1C966C2600133F4F /* YYKSystemConfig.m */; };
		BCE2566C1C966C2600133F4F /* YYKSystemConfigModel.m in Sources */ = {isa = PBXBuildFile; fileRef = BCE256501C966C2600133F4F /* YYKSystemConfigModel.m */; };
		BCE2566D1C966C2600133F4F /* YYKURLRequest.m in Sources */ = {isa = PBXBuildFile; fileRef = BCE256521C966C2600133F4F /* YYKURLRequest.m */; };
		BCE2566E1C966C2600133F4F /* YYKURLResponse.m in Sources */ = {isa = PBXBuildFile; fileRef = BCE256541C966C2600133F4F /* YYKURLResponse.m */; };
		BCE2566F1C966C2600133F4F /* YYKUserAccessModel.m in Sources */ = {isa = PBXBuildFile; fileRef = BCE256561C966C2600133F4F /* YYKUserAccessModel.m */; };
		BCE256701C966C2600133F4F /* YYKVideo.m in Sources */ = {isa = PBXBuildFile; fileRef = BCE256581C966C2600133F4F /* YYKVideo.m */; };
		BCE256711C966C2600133F4F /* YYKVideos.m in Sources */ = {isa = PBXBuildFile; fileRef = BCE2565A1C966C2600133F4F /* YYKVideos.m */; };
		BCE256731C966C2600133F4F /* YYKPaymentPopView.m in Sources */ = {isa = PBXBuildFile; fileRef = BCE2565F1C966C2600133F4F /* YYKPaymentPopView.m */; };
		BCE256FD1C966DB400133F4F /* NSDate+Utilities.m in Sources */ = {isa = PBXBuildFile; fileRef = BCE256C81C966DB400133F4F /* NSDate+Utilities.m */; };
		BCE256FE1C966DB400133F4F /* NSDictionary+YYKSign.m in Sources */ = {isa = PBXBuildFile; fileRef = BCE256CA1C966DB400133F4F /* NSDictionary+YYKSign.m */; };
		BCE256FF1C966DB400133F4F /* NSMutableDictionary+SafeCoding.m in Sources */ = {isa = PBXBuildFile; fileRef = BCE256CC1C966DB400133F4F /* NSMutableDictionary+SafeCoding.m */; };
		BCE257001C966DB400133F4F /* NSObject+Properties.m in Sources */ = {isa = PBXBuildFile; fileRef = BCE256CE1C966DB400133F4F /* NSObject+Properties.m */; };
		BCE257011C966DB400133F4F /* NSString+crypt.m in Sources */ = {isa = PBXBuildFile; fileRef = BCE256D01C966DB400133F4F /* NSString+crypt.m */; };
		BCE257021C966DB400133F4F /* NSString+FilterHTML.m in Sources */ = {isa = PBXBuildFile; fileRef = BCE256D21C966DB400133F4F /* NSString+FilterHTML.m */; };
		BCE257031C966DB400133F4F /* NSString+length.m in Sources */ = {isa = PBXBuildFile; fileRef = BCE256D41C966DB400133F4F /* NSString+length.m */; };
		BCE257041C966DB400133F4F /* NSString+md5.m in Sources */ = {isa = PBXBuildFile; fileRef = BCE256D61C966DB400133F4F /* NSString+md5.m */; };
		BCE257051C966DB400133F4F /* NSString+meltutils.m in Sources */ = {isa = PBXBuildFile; fileRef = BCE256D81C966DB400133F4F /* NSString+meltutils.m */; };
		BCE257061C966DB400133F4F /* UIColor+hexColor.m in Sources */ = {isa = PBXBuildFile; fileRef = BCE256DA1C966DB400133F4F /* UIColor+hexColor.m */; };
		BCE257071C966DB400133F4F /* UIImage+color.m in Sources */ = {isa = PBXBuildFile; fileRef = BCE256DC1C966DB400133F4F /* UIImage+color.m */; };
		BCE257081C966DB400133F4F /* UIImage+crop.m in Sources */ = {isa = PBXBuildFile; fileRef = BCE256DE1C966DB400133F4F /* UIImage+crop.m */; };
		BCE257091C966DB400133F4F /* UIImageView+YPBAnimation.m in Sources */ = {isa = PBXBuildFile; fileRef = BCE256E01C966DB400133F4F /* UIImageView+YPBAnimation.m */; };
		BCE2570A1C966DB400133F4F /* UIScrollView+Refresh.m in Sources */ = {isa = PBXBuildFile; fileRef = BCE256E21C966DB400133F4F /* UIScrollView+Refresh.m */; };
		BCE2570B1C966DB400133F4F /* UIViewExt.m in Sources */ = {isa = PBXBuildFile; fileRef = BCE256E41C966DB400133F4F /* UIViewExt.m */; };
		BCE2570C1C966DB400133F4F /* RACEXTRuntimeExtensions.m in Sources */ = {isa = PBXBuildFile; fileRef = BCE256E91C966DB400133F4F /* RACEXTRuntimeExtensions.m */; };
		BCE257111C966DB400133F4F /* YYKConfiguration.m in Sources */ = {isa = PBXBuildFile; fileRef = BCE256F61C966DB400133F4F /* YYKConfiguration.m */; };
		BCE257121C966DB400133F4F /* YYKErrorHandler.m in Sources */ = {isa = PBXBuildFile; fileRef = BCE256F81C966DB400133F4F /* YYKErrorHandler.m */; };
		BCE257131C966DB400133F4F /* YYKHudManager.m in Sources */ = {isa = PBXBuildFile; fileRef = BCE256FA1C966DB400133F4F /* YYKHudManager.m */; };
		BCE257141C966DB400133F4F /* YYKUtil.m in Sources */ = {isa = PBXBuildFile; fileRef = BCE256FC1C966DB400133F4F /* YYKUtil.m */; };
		BCE257191C9689F500133F4F /* config.plist in Resources */ = {isa = PBXBuildFile; fileRef = BCE257181C9689F500133F4F /* config.plist */; };
		BCE257251C968AED00133F4F /* libMobClickLibrary.a in Frameworks */ = {isa = PBXBuildFile; fileRef = BCE2571D1C968AED00133F4F /* libMobClickLibrary.a */; };
		BCE257261C968AED00133F4F /* libWeChatSDK.a in Frameworks */ = {isa = PBXBuildFile; fileRef = BCE257211C968AED00133F4F /* libWeChatSDK.a */; };
		BCE257281C968B4100133F4F /* CoreTelephony.framework in Frameworks */ = {isa = PBXBuildFile; fileRef = BCE257271C968B4100133F4F /* CoreTelephony.framework */; };
		BCE2572A1C968B4800133F4F /* libz.tbd in Frameworks */ = {isa = PBXBuildFile; fileRef = BCE257291C968B4800133F4F /* libz.tbd */; };
		BCE2572C1C968B5100133F4F /* libsqlite3.tbd in Frameworks */ = {isa = PBXBuildFile; fileRef = BCE2572B1C968B5100133F4F /* libsqlite3.tbd */; };
		BCE257331C968D5100133F4F /* YYKHomeViewController.m in Sources */ = {isa = PBXBuildFile; fileRef = BCE257321C968D5100133F4F /* YYKHomeViewController.m */; };
		BCE257361C96928200133F4F /* YYKVideoLibViewController.m in Sources */ = {isa = PBXBuildFile; fileRef = BCE257351C96928200133F4F /* YYKVideoLibViewController.m */; };
		BCE257391C96929000133F4F /* YYKHotVideoViewController.m in Sources */ = {isa = PBXBuildFile; fileRef = BCE257381C96929000133F4F /* YYKHotVideoViewController.m */; };
		BCE2573C1C969AB700133F4F /* YYKVideoLibModel.m in Sources */ = {isa = PBXBuildFile; fileRef = BCE2573B1C969AB700133F4F /* YYKVideoLibModel.m */; };
		BCE257421C96ABD300133F4F /* YYKVideoCell.m in Sources */ = {isa = PBXBuildFile; fileRef = BCE257411C96ABD300133F4F /* YYKVideoCell.m */; };
		BCE257451C96AC3700133F4F /* YYKHotVideoModel.m in Sources */ = {isa = PBXBuildFile; fileRef = BCE257441C96AC3700133F4F /* YYKHotVideoModel.m */; };
		BCE2574A1C96B40D00133F4F /* YYKSideMenuViewController.m in Sources */ = {isa = PBXBuildFile; fileRef = BCE257491C96B40D00133F4F /* YYKSideMenuViewController.m */; };
		BCE2574E1C96BE3400133F4F /* YYKSideMenuVIPCell.m in Sources */ = {isa = PBXBuildFile; fileRef = BCE2574D1C96BE3400133F4F /* YYKSideMenuVIPCell.m */; };
		BCE257511C96C53D00133F4F /* UITableView+Separator.m in Sources */ = {isa = PBXBuildFile; fileRef = BCE257501C96C53D00133F4F /* UITableView+Separator.m */; };
		BCE257541C96E2DC00133F4F /* YYKHistoryViewController.m in Sources */ = {isa = PBXBuildFile; fileRef = BCE257531C96E2DC00133F4F /* YYKHistoryViewController.m */; };
		BCE257571C96E70000133F4F /* YYKHistoryCell.m in Sources */ = {isa = PBXBuildFile; fileRef = BCE257561C96E70000133F4F /* YYKHistoryCell.m */; };
		BCE2575A1C96F31200133F4F /* YYKWebViewController.m in Sources */ = {isa = PBXBuildFile; fileRef = BCE257591C96F31200133F4F /* YYKWebViewController.m */; };
		BCE2575D1C96F4F800133F4F /* YYKInputTextViewController.m in Sources */ = {isa = PBXBuildFile; fileRef = BCE2575C1C96F4F800133F4F /* YYKInputTextViewController.m */; };
		BCE257601C97039300133F4F /* YYKRecommendViewController.m in Sources */ = {isa = PBXBuildFile; fileRef = BCE2575F1C97039300133F4F /* YYKRecommendViewController.m */; };
		BCE257631C9705E400133F4F /* YYKRecommendCell.m in Sources */ = {isa = PBXBuildFile; fileRef = BCE257621C9705E400133F4F /* YYKRecommendCell.m */; };
/* End PBXBuildFile section */

/* Begin PBXContainerItemProxy section */
		BCE256181C966A8E00133F4F /* PBXContainerItemProxy */ = {
			isa = PBXContainerItemProxy;
			containerPortal = BCE255F61C966A8E00133F4F /* Project object */;
			proxyType = 1;
			remoteGlobalIDString = BCE255FD1C966A8E00133F4F;
			remoteInfo = YYKuaibo;
		};
		BCE256231C966A8E00133F4F /* PBXContainerItemProxy */ = {
			isa = PBXContainerItemProxy;
			containerPortal = BCE255F61C966A8E00133F4F /* Project object */;
			proxyType = 1;
			remoteGlobalIDString = BCE255FD1C966A8E00133F4F;
			remoteInfo = YYKuaibo;
		};
/* End PBXContainerItemProxy section */

/* Begin PBXFileReference section */
		26563315252187AA0C5AEA85 /* Pods.debug.xcconfig */ = {isa = PBXFileReference; includeInIndex = 1; lastKnownFileType = text.xcconfig; name = Pods.debug.xcconfig; path = "Pods/Target Support Files/Pods/Pods.debug.xcconfig"; sourceTree = "<group>"; };
		4577FED980A3FE4A17E106BF /* libPods.a */ = {isa = PBXFileReference; explicitFileType = archive.ar; includeInIndex = 0; path = libPods.a; sourceTree = BUILT_PRODUCTS_DIR; };
		5220C7BCBCEF2D19CB8CBF73 /* Pods.release.xcconfig */ = {isa = PBXFileReference; includeInIndex = 1; lastKnownFileType = text.xcconfig; name = Pods.release.xcconfig; path = "Pods/Target Support Files/Pods/Pods.release.xcconfig"; sourceTree = "<group>"; };
		BC58EA8C1C97DD6A001D40B0 /* YYKAppSpreadModel.h */ = {isa = PBXFileReference; fileEncoding = 4; lastKnownFileType = sourcecode.c.h; path = YYKAppSpreadModel.h; sourceTree = "<group>"; };
		BC58EA8D1C97DD6A001D40B0 /* YYKAppSpreadModel.m */ = {isa = PBXFileReference; fileEncoding = 4; lastKnownFileType = sourcecode.c.objc; path = YYKAppSpreadModel.m; sourceTree = "<group>"; };
		BC58EA901C9800EF001D40B0 /* KSCrash.framework */ = {isa = PBXFileReference; lastKnownFileType = wrapper.framework; path = KSCrash.framework; sourceTree = "<group>"; };
		BC660B061C97243F00E04D23 /* YYKPaymentManager.h */ = {isa = PBXFileReference; fileEncoding = 4; lastKnownFileType = sourcecode.c.h; path = YYKPaymentManager.h; sourceTree = "<group>"; };
		BC660B071C97243F00E04D23 /* YYKPaymentManager.m */ = {isa = PBXFileReference; fileEncoding = 4; lastKnownFileType = sourcecode.c.objc; path = YYKPaymentManager.m; sourceTree = "<group>"; };
		BC660B0B1C9724A200E04D23 /* AlipaySDK.framework */ = {isa = PBXFileReference; lastKnownFileType = wrapper.framework; path = AlipaySDK.framework; sourceTree = "<group>"; };
		BC660B0C1C9724A200E04D23 /* IapppayAlphaKit.framework */ = {isa = PBXFileReference; lastKnownFileType = wrapper.framework; path = IapppayAlphaKit.framework; sourceTree = "<group>"; };
		BC660B0D1C9724A200E04D23 /* IapppayAlphaResource.bundle */ = {isa = PBXFileReference; lastKnownFileType = "wrapper.plug-in"; path = IapppayAlphaResource.bundle; sourceTree = "<group>"; };
		BC660B111C97275100E04D23 /* libc++.tbd */ = {isa = PBXFileReference; lastKnownFileType = "sourcecode.text-based-dylib-definition"; name = "libc++.tbd"; path = "usr/lib/libc++.tbd"; sourceTree = SDKROOT; };
		BCE255FE1C966A8E00133F4F /* YYKuaibo.app */ = {isa = PBXFileReference; explicitFileType = wrapper.application; includeInIndex = 0; path = YYKuaibo.app; sourceTree = BUILT_PRODUCTS_DIR; };
		BCE256021C966A8E00133F4F /* main.m */ = {isa = PBXFileReference; lastKnownFileType = sourcecode.c.objc; path = main.m; sourceTree = "<group>"; };
		BCE2560D1C966A8E00133F4F /* Assets.xcassets */ = {isa = PBXFileReference; lastKnownFileType = folder.assetcatalog; path = Assets.xcassets; sourceTree = "<group>"; };
		BCE256101C966A8E00133F4F /* Base */ = {isa = PBXFileReference; lastKnownFileType = file.storyboard; name = Base; path = Base.lproj/LaunchScreen.storyboard; sourceTree = "<group>"; };
		BCE256121C966A8E00133F4F /* Info.plist */ = {isa = PBXFileReference; lastKnownFileType = text.plist.xml; path = Info.plist; sourceTree = "<group>"; };
		BCE256171C966A8E00133F4F /* YYKuaiboTests.xctest */ = {isa = PBXFileReference; explicitFileType = wrapper.cfbundle; includeInIndex = 0; path = YYKuaiboTests.xctest; sourceTree = BUILT_PRODUCTS_DIR; };
		BCE2561B1C966A8E00133F4F /* YYKuaiboTests.m */ = {isa = PBXFileReference; lastKnownFileType = sourcecode.c.objc; path = YYKuaiboTests.m; sourceTree = "<group>"; };
		BCE2561D1C966A8E00133F4F /* Info.plist */ = {isa = PBXFileReference; lastKnownFileType = text.plist.xml; path = Info.plist; sourceTree = "<group>"; };
		BCE256221C966A8E00133F4F /* YYKuaiboUITests.xctest */ = {isa = PBXFileReference; explicitFileType = wrapper.cfbundle; includeInIndex = 0; path = YYKuaiboUITests.xctest; sourceTree = BUILT_PRODUCTS_DIR; };
		BCE256341C966ACD00133F4F /* YYKAppDelegate.h */ = {isa = PBXFileReference; fileEncoding = 4; lastKnownFileType = sourcecode.c.h; path = YYKAppDelegate.h; sourceTree = "<group>"; };
		BCE256351C966ACD00133F4F /* YYKAppDelegate.m */ = {isa = PBXFileReference; fileEncoding = 4; lastKnownFileType = sourcecode.c.objc; path = YYKAppDelegate.m; sourceTree = "<group>"; };
		BCE2563A1C966C2600133F4F /* YYKBaseViewController.h */ = {isa = PBXFileReference; fileEncoding = 4; lastKnownFileType = sourcecode.c.h; path = YYKBaseViewController.h; sourceTree = "<group>"; };
		BCE2563B1C966C2600133F4F /* YYKBaseViewController.m */ = {isa = PBXFileReference; fileEncoding = 4; lastKnownFileType = sourcecode.c.objc; path = YYKBaseViewController.m; sourceTree = "<group>"; };
		BCE2563C1C966C2600133F4F /* YYKPaymentViewController.h */ = {isa = PBXFileReference; fileEncoding = 4; lastKnownFileType = sourcecode.c.h; path = YYKPaymentViewController.h; sourceTree = "<group>"; };
		BCE2563D1C966C2600133F4F /* YYKPaymentViewController.m */ = {isa = PBXFileReference; fileEncoding = 4; lastKnownFileType = sourcecode.c.objc; path = YYKPaymentViewController.m; sourceTree = "<group>"; };
		BCE256411C966C2600133F4F /* YYKActivateModel.h */ = {isa = PBXFileReference; fileEncoding = 4; lastKnownFileType = sourcecode.c.h; path = YYKActivateModel.h; sourceTree = "<group>"; };
		BCE256421C966C2600133F4F /* YYKActivateModel.m */ = {isa = PBXFileReference; fileEncoding = 4; lastKnownFileType = sourcecode.c.objc; path = YYKActivateModel.m; sourceTree = "<group>"; };
		BCE256431C966C2600133F4F /* YYKEncryptedURLRequest.h */ = {isa = PBXFileReference; fileEncoding = 4; lastKnownFileType = sourcecode.c.h; path = YYKEncryptedURLRequest.h; sourceTree = "<group>"; };
		BCE256441C966C2600133F4F /* YYKEncryptedURLRequest.m */ = {isa = PBXFileReference; fileEncoding = 4; lastKnownFileType = sourcecode.c.objc; path = YYKEncryptedURLRequest.m; sourceTree = "<group>"; };
		BCE256451C966C2600133F4F /* YYKPaymentInfo.h */ = {isa = PBXFileReference; fileEncoding = 4; lastKnownFileType = sourcecode.c.h; path = YYKPaymentInfo.h; sourceTree = "<group>"; };
		BCE256461C966C2600133F4F /* YYKPaymentInfo.m */ = {isa = PBXFileReference; fileEncoding = 4; lastKnownFileType = sourcecode.c.objc; path = YYKPaymentInfo.m; sourceTree = "<group>"; };
		BCE256471C966C2600133F4F /* YYKPaymentModel.h */ = {isa = PBXFileReference; fileEncoding = 4; lastKnownFileType = sourcecode.c.h; path = YYKPaymentModel.h; sourceTree = "<group>"; };
		BCE256481C966C2600133F4F /* YYKPaymentModel.m */ = {isa = PBXFileReference; fileEncoding = 4; lastKnownFileType = sourcecode.c.objc; path = YYKPaymentModel.m; sourceTree = "<group>"; };
		BCE256491C966C2600133F4F /* YYKPaymentSignModel.h */ = {isa = PBXFileReference; fileEncoding = 4; lastKnownFileType = sourcecode.c.h; path = YYKPaymentSignModel.h; sourceTree = "<group>"; };
		BCE2564A1C966C2600133F4F /* YYKPaymentSignModel.m */ = {isa = PBXFileReference; fileEncoding = 4; lastKnownFileType = sourcecode.c.objc; path = YYKPaymentSignModel.m; sourceTree = "<group>"; };
		BCE2564B1C966C2600133F4F /* YYKProgram.h */ = {isa = PBXFileReference; fileEncoding = 4; lastKnownFileType = sourcecode.c.h; path = YYKProgram.h; sourceTree = "<group>"; };
		BCE2564C1C966C2600133F4F /* YYKProgram.m */ = {isa = PBXFileReference; fileEncoding = 4; lastKnownFileType = sourcecode.c.objc; path = YYKProgram.m; sourceTree = "<group>"; };
		BCE2564D1C966C2600133F4F /* YYKSystemConfig.h */ = {isa = PBXFileReference; fileEncoding = 4; lastKnownFileType = sourcecode.c.h; path = YYKSystemConfig.h; sourceTree = "<group>"; };
		BCE2564E1C966C2600133F4F /* YYKSystemConfig.m */ = {isa = PBXFileReference; fileEncoding = 4; lastKnownFileType = sourcecode.c.objc; path = YYKSystemConfig.m; sourceTree = "<group>"; };
		BCE2564F1C966C2600133F4F /* YYKSystemConfigModel.h */ = {isa = PBXFileReference; fileEncoding = 4; lastKnownFileType = sourcecode.c.h; path = YYKSystemConfigModel.h; sourceTree = "<group>"; };
		BCE256501C966C2600133F4F /* YYKSystemConfigModel.m */ = {isa = PBXFileReference; fileEncoding = 4; lastKnownFileType = sourcecode.c.objc; path = YYKSystemConfigModel.m; sourceTree = "<group>"; };
		BCE256511C966C2600133F4F /* YYKURLRequest.h */ = {isa = PBXFileReference; fileEncoding = 4; lastKnownFileType = sourcecode.c.h; path = YYKURLRequest.h; sourceTree = "<group>"; };
		BCE256521C966C2600133F4F /* YYKURLRequest.m */ = {isa = PBXFileReference; fileEncoding = 4; lastKnownFileType = sourcecode.c.objc; path = YYKURLRequest.m; sourceTree = "<group>"; };
		BCE256531C966C2600133F4F /* YYKURLResponse.h */ = {isa = PBXFileReference; fileEncoding = 4; lastKnownFileType = sourcecode.c.h; path = YYKURLResponse.h; sourceTree = "<group>"; };
		BCE256541C966C2600133F4F /* YYKURLResponse.m */ = {isa = PBXFileReference; fileEncoding = 4; lastKnownFileType = sourcecode.c.objc; path = YYKURLResponse.m; sourceTree = "<group>"; };
		BCE256551C966C2600133F4F /* YYKUserAccessModel.h */ = {isa = PBXFileReference; fileEncoding = 4; lastKnownFileType = sourcecode.c.h; path = YYKUserAccessModel.h; sourceTree = "<group>"; };
		BCE256561C966C2600133F4F /* YYKUserAccessModel.m */ = {isa = PBXFileReference; fileEncoding = 4; lastKnownFileType = sourcecode.c.objc; path = YYKUserAccessModel.m; sourceTree = "<group>"; };
		BCE256571C966C2600133F4F /* YYKVideo.h */ = {isa = PBXFileReference; fileEncoding = 4; lastKnownFileType = sourcecode.c.h; path = YYKVideo.h; sourceTree = "<group>"; };
		BCE256581C966C2600133F4F /* YYKVideo.m */ = {isa = PBXFileReference; fileEncoding = 4; lastKnownFileType = sourcecode.c.objc; path = YYKVideo.m; sourceTree = "<group>"; };
		BCE256591C966C2600133F4F /* YYKVideos.h */ = {isa = PBXFileReference; fileEncoding = 4; lastKnownFileType = sourcecode.c.h; path = YYKVideos.h; sourceTree = "<group>"; };
		BCE2565A1C966C2600133F4F /* YYKVideos.m */ = {isa = PBXFileReference; fileEncoding = 4; lastKnownFileType = sourcecode.c.objc; path = YYKVideos.m; sourceTree = "<group>"; };
		BCE2565E1C966C2600133F4F /* YYKPaymentPopView.h */ = {isa = PBXFileReference; fileEncoding = 4; lastKnownFileType = sourcecode.c.h; path = YYKPaymentPopView.h; sourceTree = "<group>"; };
		BCE2565F1C966C2600133F4F /* YYKPaymentPopView.m */ = {isa = PBXFileReference; fileEncoding = 4; lastKnownFileType = sourcecode.c.objc; path = YYKPaymentPopView.m; sourceTree = "<group>"; };
		BCE256C71C966DB400133F4F /* NSDate+Utilities.h */ = {isa = PBXFileReference; fileEncoding = 4; lastKnownFileType = sourcecode.c.h; path = "NSDate+Utilities.h"; sourceTree = "<group>"; };
		BCE256C81C966DB400133F4F /* NSDate+Utilities.m */ = {isa = PBXFileReference; fileEncoding = 4; lastKnownFileType = sourcecode.c.objc; path = "NSDate+Utilities.m"; sourceTree = "<group>"; };
		BCE256C91C966DB400133F4F /* NSDictionary+YYKSign.h */ = {isa = PBXFileReference; fileEncoding = 4; lastKnownFileType = sourcecode.c.h; path = "NSDictionary+YYKSign.h"; sourceTree = "<group>"; };
		BCE256CA1C966DB400133F4F /* NSDictionary+YYKSign.m */ = {isa = PBXFileReference; fileEncoding = 4; lastKnownFileType = sourcecode.c.objc; path = "NSDictionary+YYKSign.m"; sourceTree = "<group>"; };
		BCE256CB1C966DB400133F4F /* NSMutableDictionary+SafeCoding.h */ = {isa = PBXFileReference; fileEncoding = 4; lastKnownFileType = sourcecode.c.h; path = "NSMutableDictionary+SafeCoding.h"; sourceTree = "<group>"; };
		BCE256CC1C966DB400133F4F /* NSMutableDictionary+SafeCoding.m */ = {isa = PBXFileReference; fileEncoding = 4; lastKnownFileType = sourcecode.c.objc; path = "NSMutableDictionary+SafeCoding.m"; sourceTree = "<group>"; };
		BCE256CD1C966DB400133F4F /* NSObject+Properties.h */ = {isa = PBXFileReference; fileEncoding = 4; lastKnownFileType = sourcecode.c.h; path = "NSObject+Properties.h"; sourceTree = "<group>"; };
		BCE256CE1C966DB400133F4F /* NSObject+Properties.m */ = {isa = PBXFileReference; fileEncoding = 4; lastKnownFileType = sourcecode.c.objc; path = "NSObject+Properties.m"; sourceTree = "<group>"; };
		BCE256CF1C966DB400133F4F /* NSString+crypt.h */ = {isa = PBXFileReference; fileEncoding = 4; lastKnownFileType = sourcecode.c.h; path = "NSString+crypt.h"; sourceTree = "<group>"; };
		BCE256D01C966DB400133F4F /* NSString+crypt.m */ = {isa = PBXFileReference; fileEncoding = 4; lastKnownFileType = sourcecode.c.objc; path = "NSString+crypt.m"; sourceTree = "<group>"; };
		BCE256D11C966DB400133F4F /* NSString+FilterHTML.h */ = {isa = PBXFileReference; fileEncoding = 4; lastKnownFileType = sourcecode.c.h; path = "NSString+FilterHTML.h"; sourceTree = "<group>"; };
		BCE256D21C966DB400133F4F /* NSString+FilterHTML.m */ = {isa = PBXFileReference; fileEncoding = 4; lastKnownFileType = sourcecode.c.objc; path = "NSString+FilterHTML.m"; sourceTree = "<group>"; };
		BCE256D31C966DB400133F4F /* NSString+length.h */ = {isa = PBXFileReference; fileEncoding = 4; lastKnownFileType = sourcecode.c.h; path = "NSString+length.h"; sourceTree = "<group>"; };
		BCE256D41C966DB400133F4F /* NSString+length.m */ = {isa = PBXFileReference; fileEncoding = 4; lastKnownFileType = sourcecode.c.objc; path = "NSString+length.m"; sourceTree = "<group>"; };
		BCE256D51C966DB400133F4F /* NSString+md5.h */ = {isa = PBXFileReference; fileEncoding = 4; lastKnownFileType = sourcecode.c.h; path = "NSString+md5.h"; sourceTree = "<group>"; };
		BCE256D61C966DB400133F4F /* NSString+md5.m */ = {isa = PBXFileReference; fileEncoding = 4; lastKnownFileType = sourcecode.c.objc; path = "NSString+md5.m"; sourceTree = "<group>"; };
		BCE256D71C966DB400133F4F /* NSString+meltutils.h */ = {isa = PBXFileReference; fileEncoding = 4; lastKnownFileType = sourcecode.c.h; path = "NSString+meltutils.h"; sourceTree = "<group>"; };
		BCE256D81C966DB400133F4F /* NSString+meltutils.m */ = {isa = PBXFileReference; fileEncoding = 4; lastKnownFileType = sourcecode.c.objc; path = "NSString+meltutils.m"; sourceTree = "<group>"; };
		BCE256D91C966DB400133F4F /* UIColor+hexColor.h */ = {isa = PBXFileReference; fileEncoding = 4; lastKnownFileType = sourcecode.c.h; path = "UIColor+hexColor.h"; sourceTree = "<group>"; };
		BCE256DA1C966DB400133F4F /* UIColor+hexColor.m */ = {isa = PBXFileReference; fileEncoding = 4; lastKnownFileType = sourcecode.c.objc; path = "UIColor+hexColor.m"; sourceTree = "<group>"; };
		BCE256DB1C966DB400133F4F /* UIImage+color.h */ = {isa = PBXFileReference; fileEncoding = 4; lastKnownFileType = sourcecode.c.h; path = "UIImage+color.h"; sourceTree = "<group>"; };
		BCE256DC1C966DB400133F4F /* UIImage+color.m */ = {isa = PBXFileReference; fileEncoding = 4; lastKnownFileType = sourcecode.c.objc; path = "UIImage+color.m"; sourceTree = "<group>"; };
		BCE256DD1C966DB400133F4F /* UIImage+crop.h */ = {isa = PBXFileReference; fileEncoding = 4; lastKnownFileType = sourcecode.c.h; path = "UIImage+crop.h"; sourceTree = "<group>"; };
		BCE256DE1C966DB400133F4F /* UIImage+crop.m */ = {isa = PBXFileReference; fileEncoding = 4; lastKnownFileType = sourcecode.c.objc; path = "UIImage+crop.m"; sourceTree = "<group>"; };
		BCE256DF1C966DB400133F4F /* UIImageView+YPBAnimation.h */ = {isa = PBXFileReference; fileEncoding = 4; lastKnownFileType = sourcecode.c.h; path = "UIImageView+YPBAnimation.h"; sourceTree = "<group>"; };
		BCE256E01C966DB400133F4F /* UIImageView+YPBAnimation.m */ = {isa = PBXFileReference; fileEncoding = 4; lastKnownFileType = sourcecode.c.objc; path = "UIImageView+YPBAnimation.m"; sourceTree = "<group>"; };
		BCE256E11C966DB400133F4F /* UIScrollView+Refresh.h */ = {isa = PBXFileReference; fileEncoding = 4; lastKnownFileType = sourcecode.c.h; path = "UIScrollView+Refresh.h"; sourceTree = "<group>"; };
		BCE256E21C966DB400133F4F /* UIScrollView+Refresh.m */ = {isa = PBXFileReference; fileEncoding = 4; lastKnownFileType = sourcecode.c.objc; path = "UIScrollView+Refresh.m"; sourceTree = "<group>"; };
		BCE256E31C966DB400133F4F /* UIViewExt.h */ = {isa = PBXFileReference; fileEncoding = 4; lastKnownFileType = sourcecode.c.h; path = UIViewExt.h; sourceTree = "<group>"; };
		BCE256E41C966DB400133F4F /* UIViewExt.m */ = {isa = PBXFileReference; fileEncoding = 4; lastKnownFileType = sourcecode.c.objc; path = UIViewExt.m; sourceTree = "<group>"; };
		BCE256E51C966DB400133F4F /* YYKExtensions.h */ = {isa = PBXFileReference; fileEncoding = 4; lastKnownFileType = sourcecode.c.h; path = YYKExtensions.h; sourceTree = "<group>"; };
		BCE256E71C966DB400133F4F /* RACEXTKeyPathCoding.h */ = {isa = PBXFileReference; fileEncoding = 4; lastKnownFileType = sourcecode.c.h; path = RACEXTKeyPathCoding.h; sourceTree = "<group>"; };
		BCE256E81C966DB400133F4F /* RACEXTRuntimeExtensions.h */ = {isa = PBXFileReference; fileEncoding = 4; lastKnownFileType = sourcecode.c.h; path = RACEXTRuntimeExtensions.h; sourceTree = "<group>"; };
		BCE256E91C966DB400133F4F /* RACEXTRuntimeExtensions.m */ = {isa = PBXFileReference; fileEncoding = 4; lastKnownFileType = sourcecode.c.objc; path = RACEXTRuntimeExtensions.m; sourceTree = "<group>"; };
		BCE256EA1C966DB400133F4F /* RACEXTScope.h */ = {isa = PBXFileReference; fileEncoding = 4; lastKnownFileType = sourcecode.c.h; path = RACEXTScope.h; sourceTree = "<group>"; };
		BCE256EB1C966DB400133F4F /* RACmetamacros.h */ = {isa = PBXFileReference; fileEncoding = 4; lastKnownFileType = sourcecode.c.h; path = RACmetamacros.h; sourceTree = "<group>"; };
		BCE256F51C966DB400133F4F /* YYKConfiguration.h */ = {isa = PBXFileReference; fileEncoding = 4; lastKnownFileType = sourcecode.c.h; path = YYKConfiguration.h; sourceTree = "<group>"; };
		BCE256F61C966DB400133F4F /* YYKConfiguration.m */ = {isa = PBXFileReference; fileEncoding = 4; lastKnownFileType = sourcecode.c.objc; path = YYKConfiguration.m; sourceTree = "<group>"; };
		BCE256F71C966DB400133F4F /* YYKErrorHandler.h */ = {isa = PBXFileReference; fileEncoding = 4; lastKnownFileType = sourcecode.c.h; path = YYKErrorHandler.h; sourceTree = "<group>"; };
		BCE256F81C966DB400133F4F /* YYKErrorHandler.m */ = {isa = PBXFileReference; fileEncoding = 4; lastKnownFileType = sourcecode.c.objc; path = YYKErrorHandler.m; sourceTree = "<group>"; };
		BCE256F91C966DB400133F4F /* YYKHudManager.h */ = {isa = PBXFileReference; fileEncoding = 4; lastKnownFileType = sourcecode.c.h; path = YYKHudManager.h; sourceTree = "<group>"; };
		BCE256FA1C966DB400133F4F /* YYKHudManager.m */ = {isa = PBXFileReference; fileEncoding = 4; lastKnownFileType = sourcecode.c.objc; path = YYKHudManager.m; sourceTree = "<group>"; };
		BCE256FB1C966DB400133F4F /* YYKUtil.h */ = {isa = PBXFileReference; fileEncoding = 4; lastKnownFileType = sourcecode.c.h; path = YYKUtil.h; sourceTree = "<group>"; };
		BCE256FC1C966DB400133F4F /* YYKUtil.m */ = {isa = PBXFileReference; fileEncoding = 4; lastKnownFileType = sourcecode.c.objc; path = YYKUtil.m; sourceTree = "<group>"; };
		BCE257151C966E3800133F4F /* YYKPrefixHeader.pch */ = {isa = PBXFileReference; lastKnownFileType = sourcecode.c.h; path = YYKPrefixHeader.pch; sourceTree = "<group>"; };
		BCE257161C966EA500133F4F /* YYKCommonDef.h */ = {isa = PBXFileReference; fileEncoding = 4; lastKnownFileType = sourcecode.c.h; path = YYKCommonDef.h; sourceTree = "<group>"; };
		BCE257171C966EA500133F4F /* YYKConfig.h */ = {isa = PBXFileReference; fileEncoding = 4; lastKnownFileType = sourcecode.c.h; path = YYKConfig.h; sourceTree = "<group>"; };
		BCE257181C9689F500133F4F /* config.plist */ = {isa = PBXFileReference; fileEncoding = 4; lastKnownFileType = text.plist.xml; path = config.plist; sourceTree = "<group>"; };
		BCE2571D1C968AED00133F4F /* libMobClickLibrary.a */ = {isa = PBXFileReference; lastKnownFileType = archive.ar; path = libMobClickLibrary.a; sourceTree = "<group>"; };
		BCE2571E1C968AED00133F4F /* MobClick.h */ = {isa = PBXFileReference; fileEncoding = 4; lastKnownFileType = sourcecode.c.h; path = MobClick.h; sourceTree = "<group>"; };
		BCE2571F1C968AED00133F4F /* MobClickSocialAnalytics.h */ = {isa = PBXFileReference; fileEncoding = 4; lastKnownFileType = sourcecode.c.h; path = MobClickSocialAnalytics.h; sourceTree = "<group>"; };
		BCE257211C968AED00133F4F /* libWeChatSDK.a */ = {isa = PBXFileReference; lastKnownFileType = archive.ar; path = libWeChatSDK.a; sourceTree = "<group>"; };
		BCE257221C968AED00133F4F /* WechatAuthSDK.h */ = {isa = PBXFileReference; fileEncoding = 4; lastKnownFileType = sourcecode.c.h; path = WechatAuthSDK.h; sourceTree = "<group>"; };
		BCE257231C968AED00133F4F /* WXApi.h */ = {isa = PBXFileReference; fileEncoding = 4; lastKnownFileType = sourcecode.c.h; path = WXApi.h; sourceTree = "<group>"; };
		BCE257241C968AED00133F4F /* WXApiObject.h */ = {isa = PBXFileReference; fileEncoding = 4; lastKnownFileType = sourcecode.c.h; path = WXApiObject.h; sourceTree = "<group>"; };
		BCE257271C968B4100133F4F /* CoreTelephony.framework */ = {isa = PBXFileReference; lastKnownFileType = wrapper.framework; name = CoreTelephony.framework; path = System/Library/Frameworks/CoreTelephony.framework; sourceTree = SDKROOT; };
		BCE257291C968B4800133F4F /* libz.tbd */ = {isa = PBXFileReference; lastKnownFileType = "sourcecode.text-based-dylib-definition"; name = libz.tbd; path = usr/lib/libz.tbd; sourceTree = SDKROOT; };
		BCE2572B1C968B5100133F4F /* libsqlite3.tbd */ = {isa = PBXFileReference; lastKnownFileType = "sourcecode.text-based-dylib-definition"; name = libsqlite3.tbd; path = usr/lib/libsqlite3.tbd; sourceTree = SDKROOT; };
		BCE257311C968D5100133F4F /* YYKHomeViewController.h */ = {isa = PBXFileReference; fileEncoding = 4; lastKnownFileType = sourcecode.c.h; path = YYKHomeViewController.h; sourceTree = "<group>"; };
		BCE257321C968D5100133F4F /* YYKHomeViewController.m */ = {isa = PBXFileReference; fileEncoding = 4; lastKnownFileType = sourcecode.c.objc; path = YYKHomeViewController.m; sourceTree = "<group>"; };
		BCE257341C96928200133F4F /* YYKVideoLibViewController.h */ = {isa = PBXFileReference; fileEncoding = 4; lastKnownFileType = sourcecode.c.h; path = YYKVideoLibViewController.h; sourceTree = "<group>"; };
		BCE257351C96928200133F4F /* YYKVideoLibViewController.m */ = {isa = PBXFileReference; fileEncoding = 4; lastKnownFileType = sourcecode.c.objc; path = YYKVideoLibViewController.m; sourceTree = "<group>"; };
		BCE257371C96929000133F4F /* YYKHotVideoViewController.h */ = {isa = PBXFileReference; fileEncoding = 4; lastKnownFileType = sourcecode.c.h; path = YYKHotVideoViewController.h; sourceTree = "<group>"; };
		BCE257381C96929000133F4F /* YYKHotVideoViewController.m */ = {isa = PBXFileReference; fileEncoding = 4; lastKnownFileType = sourcecode.c.objc; path = YYKHotVideoViewController.m; sourceTree = "<group>"; };
		BCE2573A1C969AB700133F4F /* YYKVideoLibModel.h */ = {isa = PBXFileReference; fileEncoding = 4; lastKnownFileType = sourcecode.c.h; path = YYKVideoLibModel.h; sourceTree = "<group>"; };
		BCE2573B1C969AB700133F4F /* YYKVideoLibModel.m */ = {isa = PBXFileReference; fileEncoding = 4; lastKnownFileType = sourcecode.c.objc; path = YYKVideoLibModel.m; sourceTree = "<group>"; };
		BCE257401C96ABD300133F4F /* YYKVideoCell.h */ = {isa = PBXFileReference; fileEncoding = 4; lastKnownFileType = sourcecode.c.h; path = YYKVideoCell.h; sourceTree = "<group>"; };
		BCE257411C96ABD300133F4F /* YYKVideoCell.m */ = {isa = PBXFileReference; fileEncoding = 4; lastKnownFileType = sourcecode.c.objc; path = YYKVideoCell.m; sourceTree = "<group>"; };
		BCE257431C96AC3700133F4F /* YYKHotVideoModel.h */ = {isa = PBXFileReference; fileEncoding = 4; lastKnownFileType = sourcecode.c.h; path = YYKHotVideoModel.h; sourceTree = "<group>"; };
		BCE257441C96AC3700133F4F /* YYKHotVideoModel.m */ = {isa = PBXFileReference; fileEncoding = 4; lastKnownFileType = sourcecode.c.objc; path = YYKHotVideoModel.m; sourceTree = "<group>"; };
		BCE257481C96B40D00133F4F /* YYKSideMenuViewController.h */ = {isa = PBXFileReference; fileEncoding = 4; lastKnownFileType = sourcecode.c.h; path = YYKSideMenuViewController.h; sourceTree = "<group>"; };
		BCE257491C96B40D00133F4F /* YYKSideMenuViewController.m */ = {isa = PBXFileReference; fileEncoding = 4; lastKnownFileType = sourcecode.c.objc; path = YYKSideMenuViewController.m; sourceTree = "<group>"; };
		BCE2574C1C96BE3400133F4F /* YYKSideMenuVIPCell.h */ = {isa = PBXFileReference; fileEncoding = 4; lastKnownFileType = sourcecode.c.h; path = YYKSideMenuVIPCell.h; sourceTree = "<group>"; };
		BCE2574D1C96BE3400133F4F /* YYKSideMenuVIPCell.m */ = {isa = PBXFileReference; fileEncoding = 4; lastKnownFileType = sourcecode.c.objc; path = YYKSideMenuVIPCell.m; sourceTree = "<group>"; };
		BCE2574F1C96C53D00133F4F /* UITableView+Separator.h */ = {isa = PBXFileReference; fileEncoding = 4; lastKnownFileType = sourcecode.c.h; path = "UITableView+Separator.h"; sourceTree = "<group>"; };
		BCE257501C96C53D00133F4F /* UITableView+Separator.m */ = {isa = PBXFileReference; fileEncoding = 4; lastKnownFileType = sourcecode.c.objc; path = "UITableView+Separator.m"; sourceTree = "<group>"; };
		BCE257521C96E2DC00133F4F /* YYKHistoryViewController.h */ = {isa = PBXFileReference; fileEncoding = 4; lastKnownFileType = sourcecode.c.h; path = YYKHistoryViewController.h; sourceTree = "<group>"; };
		BCE257531C96E2DC00133F4F /* YYKHistoryViewController.m */ = {isa = PBXFileReference; fileEncoding = 4; lastKnownFileType = sourcecode.c.objc; path = YYKHistoryViewController.m; sourceTree = "<group>"; };
		BCE257551C96E70000133F4F /* YYKHistoryCell.h */ = {isa = PBXFileReference; fileEncoding = 4; lastKnownFileType = sourcecode.c.h; path = YYKHistoryCell.h; sourceTree = "<group>"; };
		BCE257561C96E70000133F4F /* YYKHistoryCell.m */ = {isa = PBXFileReference; fileEncoding = 4; lastKnownFileType = sourcecode.c.objc; path = YYKHistoryCell.m; sourceTree = "<group>"; };
		BCE257581C96F31200133F4F /* YYKWebViewController.h */ = {isa = PBXFileReference; fileEncoding = 4; lastKnownFileType = sourcecode.c.h; path = YYKWebViewController.h; sourceTree = "<group>"; };
		BCE257591C96F31200133F4F /* YYKWebViewController.m */ = {isa = PBXFileReference; fileEncoding = 4; lastKnownFileType = sourcecode.c.objc; path = YYKWebViewController.m; sourceTree = "<group>"; };
		BCE2575B1C96F4F800133F4F /* YYKInputTextViewController.h */ = {isa = PBXFileReference; fileEncoding = 4; lastKnownFileType = sourcecode.c.h; path = YYKInputTextViewController.h; sourceTree = "<group>"; };
		BCE2575C1C96F4F800133F4F /* YYKInputTextViewController.m */ = {isa = PBXFileReference; fileEncoding = 4; lastKnownFileType = sourcecode.c.objc; path = YYKInputTextViewController.m; sourceTree = "<group>"; };
		BCE2575E1C97039300133F4F /* YYKRecommendViewController.h */ = {isa = PBXFileReference; fileEncoding = 4; lastKnownFileType = sourcecode.c.h; path = YYKRecommendViewController.h; sourceTree = "<group>"; };
		BCE2575F1C97039300133F4F /* YYKRecommendViewController.m */ = {isa = PBXFileReference; fileEncoding = 4; lastKnownFileType = sourcecode.c.objc; path = YYKRecommendViewController.m; sourceTree = "<group>"; };
		BCE257611C9705E400133F4F /* YYKRecommendCell.h */ = {isa = PBXFileReference; fileEncoding = 4; lastKnownFileType = sourcecode.c.h; path = YYKRecommendCell.h; sourceTree = "<group>"; };
		BCE257621C9705E400133F4F /* YYKRecommendCell.m */ = {isa = PBXFileReference; fileEncoding = 4; lastKnownFileType = sourcecode.c.objc; path = YYKRecommendCell.m; sourceTree = "<group>"; };
/* End PBXFileReference section */

/* Begin PBXFrameworksBuildPhase section */
		BCE255FB1C966A8E00133F4F /* Frameworks */ = {
			isa = PBXFrameworksBuildPhase;
			buildActionMask = 2147483647;
			files = (
				BC660B121C97275100E04D23 /* libc++.tbd in Frameworks */,
				BC660B0E1C9724A200E04D23 /* AlipaySDK.framework in Frameworks */,
				BCE2572C1C968B5100133F4F /* libsqlite3.tbd in Frameworks */,
				BCE2572A1C968B4800133F4F /* libz.tbd in Frameworks */,
				BCE257281C968B4100133F4F /* CoreTelephony.framework in Frameworks */,
				55F6FDF1E0146D6F7E6A2858 /* libPods.a in Frameworks */,
				BCE257251C968AED00133F4F /* libMobClickLibrary.a in Frameworks */,
				BCE257261C968AED00133F4F /* libWeChatSDK.a in Frameworks */,
				BC58EA911C9800EF001D40B0 /* KSCrash.framework in Frameworks */,
				BC660B0F1C9724A300E04D23 /* IapppayAlphaKit.framework in Frameworks */,
			);
			runOnlyForDeploymentPostprocessing = 0;
		};
		BCE256141C966A8E00133F4F /* Frameworks */ = {
			isa = PBXFrameworksBuildPhase;
			buildActionMask = 2147483647;
			files = (
			);
			runOnlyForDeploymentPostprocessing = 0;
		};
		BCE2561F1C966A8E00133F4F /* Frameworks */ = {
			isa = PBXFrameworksBuildPhase;
			buildActionMask = 2147483647;
			files = (
			);
			runOnlyForDeploymentPostprocessing = 0;
		};
/* End PBXFrameworksBuildPhase section */

/* Begin PBXGroup section */
		260DFF518FD1B953AB90C024 /* Pods */ = {
			isa = PBXGroup;
			children = (
				26563315252187AA0C5AEA85 /* Pods.debug.xcconfig */,
				5220C7BCBCEF2D19CB8CBF73 /* Pods.release.xcconfig */,
			);
			name = Pods;
			sourceTree = "<group>";
		};
		B8E3C88B58EDA7F709C6E55C /* Frameworks */ = {
			isa = PBXGroup;
			children = (
				BC660B111C97275100E04D23 /* libc++.tbd */,
				BCE2572B1C968B5100133F4F /* libsqlite3.tbd */,
				BCE257291C968B4800133F4F /* libz.tbd */,
				BCE257271C968B4100133F4F /* CoreTelephony.framework */,
				4577FED980A3FE4A17E106BF /* libPods.a */,
			);
			name = Frameworks;
			sourceTree = "<group>";
		};
		BC58EA8B1C97DD4A001D40B0 /* Model */ = {
			isa = PBXGroup;
			children = (
				BC58EA8C1C97DD6A001D40B0 /* YYKAppSpreadModel.h */,
				BC58EA8D1C97DD6A001D40B0 /* YYKAppSpreadModel.m */,
			);
			path = Model;
			sourceTree = "<group>";
		};
		BC58EA8F1C9800EF001D40B0 /* KSCrash */ = {
			isa = PBXGroup;
			children = (
				BC58EA901C9800EF001D40B0 /* KSCrash.framework */,
			);
			path = KSCrash;
			sourceTree = "<group>";
		};
		BC660B051C9720BB00E04D23 /* Resources */ = {
			isa = PBXGroup;
			children = (
			);
			path = Resources;
			sourceTree = "<group>";
		};
		BC660B091C9724A200E04D23 /* iAppPay */ = {
			isa = PBXGroup;
			children = (
				BC660B0A1C9724A200E04D23 /* DependenceSDK */,
				BC660B0C1C9724A200E04D23 /* IapppayAlphaKit.framework */,
				BC660B0D1C9724A200E04D23 /* IapppayAlphaResource.bundle */,
			);
			path = iAppPay;
			sourceTree = "<group>";
		};
		BC660B0A1C9724A200E04D23 /* DependenceSDK */ = {
			isa = PBXGroup;
			children = (
				BC660B0B1C9724A200E04D23 /* AlipaySDK.framework */,
			);
			path = DependenceSDK;
			sourceTree = "<group>";
		};
		BCE255F51C966A8E00133F4F = {
			isa = PBXGroup;
			children = (
				BCE256001C966A8E00133F4F /* YYKuaibo */,
				BCE2561A1C966A8E00133F4F /* YYKuaiboTests */,
				BCE255FF1C966A8E00133F4F /* Products */,
				260DFF518FD1B953AB90C024 /* Pods */,
				B8E3C88B58EDA7F709C6E55C /* Frameworks */,
			);
			sourceTree = "<group>";
		};
		BCE255FF1C966A8E00133F4F /* Products */ = {
			isa = PBXGroup;
			children = (
				BCE255FE1C966A8E00133F4F /* YYKuaibo.app */,
				BCE256171C966A8E00133F4F /* YYKuaiboTests.xctest */,
				BCE256221C966A8E00133F4F /* YYKuaiboUITests.xctest */,
			);
			name = Products;
			sourceTree = "<group>";
		};
		BCE256001C966A8E00133F4F /* YYKuaibo */ = {
			isa = PBXGroup;
			children = (
				BCE256341C966ACD00133F4F /* YYKAppDelegate.h */,
				BCE256351C966ACD00133F4F /* YYKAppDelegate.m */,
				BCE2560D1C966A8E00133F4F /* Assets.xcassets */,
				BCE2560F1C966A8E00133F4F /* LaunchScreen.storyboard */,
				BCE256011C966A8E00133F4F /* Supporting Files */,
				BC660B051C9720BB00E04D23 /* Resources */,
				BCE256371C966C2600133F4F /* Class */,
			);
			path = YYKuaibo;
			sourceTree = "<group>";
		};
		BCE256011C966A8E00133F4F /* Supporting Files */ = {
			isa = PBXGroup;
			children = (
				BCE256121C966A8E00133F4F /* Info.plist */,
				BCE257181C9689F500133F4F /* config.plist */,
				BCE256021C966A8E00133F4F /* main.m */,
				BCE257151C966E3800133F4F /* YYKPrefixHeader.pch */,
				BCE257161C966EA500133F4F /* YYKCommonDef.h */,
				BCE257171C966EA500133F4F /* YYKConfig.h */,
			);
			name = "Supporting Files";
			sourceTree = "<group>";
		};
		BCE2561A1C966A8E00133F4F /* YYKuaiboTests */ = {
			isa = PBXGroup;
			children = (
				BCE2561B1C966A8E00133F4F /* YYKuaiboTests.m */,
				BCE2561D1C966A8E00133F4F /* Info.plist */,
			);
			path = YYKuaiboTests;
			sourceTree = "<group>";
		};
		BCE256371C966C2600133F4F /* Class */ = {
			isa = PBXGroup;
			children = (
				BCE2571A1C968AED00133F4F /* Vendor */,
				BCE256C51C966DB400133F4F /* Utils */,
				BCE256381C966C2600133F4F /* Base */,
				BCE2572D1C968CEA00133F4F /* Home */,
				BCE257461C96B3E000133F4F /* SideMenu */,
			);
			path = Class;
			sourceTree = "<group>";
		};
		BCE256381C966C2600133F4F /* Base */ = {
			isa = PBXGroup;
			children = (
				BCE2565D1C966C2600133F4F /* View */,
				BCE256391C966C2600133F4F /* Controller */,
				BCE256401C966C2600133F4F /* Model */,
			);
			path = Base;
			sourceTree = "<group>";
		};
		BCE256391C966C2600133F4F /* Controller */ = {
			isa = PBXGroup;
			children = (
				BCE2563A1C966C2600133F4F /* YYKBaseViewController.h */,
				BCE2563B1C966C2600133F4F /* YYKBaseViewController.m */,
				BCE2563C1C966C2600133F4F /* YYKPaymentViewController.h */,
				BCE2563D1C966C2600133F4F /* YYKPaymentViewController.m */,
				BCE257581C96F31200133F4F /* YYKWebViewController.h */,
				BCE257591C96F31200133F4F /* YYKWebViewController.m */,
				BCE2575B1C96F4F800133F4F /* YYKInputTextViewController.h */,
				BCE2575C1C96F4F800133F4F /* YYKInputTextViewController.m */,
			);
			path = Controller;
			sourceTree = "<group>";
		};
		BCE256401C966C2600133F4F /* Model */ = {
			isa = PBXGroup;
			children = (
				BCE256411C966C2600133F4F /* YYKActivateModel.h */,
				BCE256421C966C2600133F4F /* YYKActivateModel.m */,
				BCE256431C966C2600133F4F /* YYKEncryptedURLRequest.h */,
				BCE256441C966C2600133F4F /* YYKEncryptedURLRequest.m */,
				BCE256451C966C2600133F4F /* YYKPaymentInfo.h */,
				BCE256461C966C2600133F4F /* YYKPaymentInfo.m */,
				BCE256471C966C2600133F4F /* YYKPaymentModel.h */,
				BCE256481C966C2600133F4F /* YYKPaymentModel.m */,
				BCE256491C966C2600133F4F /* YYKPaymentSignModel.h */,
				BCE2564A1C966C2600133F4F /* YYKPaymentSignModel.m */,
				BCE2564B1C966C2600133F4F /* YYKProgram.h */,
				BCE2564C1C966C2600133F4F /* YYKProgram.m */,
				BCE2564D1C966C2600133F4F /* YYKSystemConfig.h */,
				BCE2564E1C966C2600133F4F /* YYKSystemConfig.m */,
				BCE2564F1C966C2600133F4F /* YYKSystemConfigModel.h */,
				BCE256501C966C2600133F4F /* YYKSystemConfigModel.m */,
				BCE256511C966C2600133F4F /* YYKURLRequest.h */,
				BCE256521C966C2600133F4F /* YYKURLRequest.m */,
				BCE256531C966C2600133F4F /* YYKURLResponse.h */,
				BCE256541C966C2600133F4F /* YYKURLResponse.m */,
				BCE256551C966C2600133F4F /* YYKUserAccessModel.h */,
				BCE256561C966C2600133F4F /* YYKUserAccessModel.m */,
				BCE256571C966C2600133F4F /* YYKVideo.h */,
				BCE256581C966C2600133F4F /* YYKVideo.m */,
				BCE256591C966C2600133F4F /* YYKVideos.h */,
				BCE2565A1C966C2600133F4F /* YYKVideos.m */,
			);
			path = Model;
			sourceTree = "<group>";
		};
		BCE2565D1C966C2600133F4F /* View */ = {
			isa = PBXGroup;
			children = (
				BCE2565E1C966C2600133F4F /* YYKPaymentPopView.h */,
				BCE2565F1C966C2600133F4F /* YYKPaymentPopView.m */,
			);
			path = View;
			sourceTree = "<group>";
		};
		BCE256C51C966DB400133F4F /* Utils */ = {
			isa = PBXGroup;
			children = (
				BCE256C61C966DB400133F4F /* Extensions */,
				BCE256E61C966DB400133F4F /* rac_extobjc */,
				BCE256FB1C966DB400133F4F /* YYKUtil.h */,
				BCE256FC1C966DB400133F4F /* YYKUtil.m */,
				BCE256F51C966DB400133F4F /* YYKConfiguration.h */,
				BCE256F61C966DB400133F4F /* YYKConfiguration.m */,
				BCE256F71C966DB400133F4F /* YYKErrorHandler.h */,
				BCE256F81C966DB400133F4F /* YYKErrorHandler.m */,
				BCE256F91C966DB400133F4F /* YYKHudManager.h */,
				BCE256FA1C966DB400133F4F /* YYKHudManager.m */,
				BC660B061C97243F00E04D23 /* YYKPaymentManager.h */,
				BC660B071C97243F00E04D23 /* YYKPaymentManager.m */,
			);
			path = Utils;
			sourceTree = "<group>";
		};
		BCE256C61C966DB400133F4F /* Extensions */ = {
			isa = PBXGroup;
			children = (
				BCE256E51C966DB400133F4F /* YYKExtensions.h */,
				BCE256C71C966DB400133F4F /* NSDate+Utilities.h */,
				BCE256C81C966DB400133F4F /* NSDate+Utilities.m */,
				BCE256C91C966DB400133F4F /* NSDictionary+YYKSign.h */,
				BCE256CA1C966DB400133F4F /* NSDictionary+YYKSign.m */,
				BCE256CB1C966DB400133F4F /* NSMutableDictionary+SafeCoding.h */,
				BCE256CC1C966DB400133F4F /* NSMutableDictionary+SafeCoding.m */,
				BCE256CD1C966DB400133F4F /* NSObject+Properties.h */,
				BCE256CE1C966DB400133F4F /* NSObject+Properties.m */,
				BCE256CF1C966DB400133F4F /* NSString+crypt.h */,
				BCE256D01C966DB400133F4F /* NSString+crypt.m */,
				BCE256D11C966DB400133F4F /* NSString+FilterHTML.h */,
				BCE256D21C966DB400133F4F /* NSString+FilterHTML.m */,
				BCE256D31C966DB400133F4F /* NSString+length.h */,
				BCE256D41C966DB400133F4F /* NSString+length.m */,
				BCE256D51C966DB400133F4F /* NSString+md5.h */,
				BCE256D61C966DB400133F4F /* NSString+md5.m */,
				BCE256D71C966DB400133F4F /* NSString+meltutils.h */,
				BCE256D81C966DB400133F4F /* NSString+meltutils.m */,
				BCE256D91C966DB400133F4F /* UIColor+hexColor.h */,
				BCE256DA1C966DB400133F4F /* UIColor+hexColor.m */,
				BCE256DB1C966DB400133F4F /* UIImage+color.h */,
				BCE256DC1C966DB400133F4F /* UIImage+color.m */,
				BCE256DD1C966DB400133F4F /* UIImage+crop.h */,
				BCE256DE1C966DB400133F4F /* UIImage+crop.m */,
				BCE256DF1C966DB400133F4F /* UIImageView+YPBAnimation.h */,
				BCE256E01C966DB400133F4F /* UIImageView+YPBAnimation.m */,
				BCE256E11C966DB400133F4F /* UIScrollView+Refresh.h */,
				BCE256E21C966DB400133F4F /* UIScrollView+Refresh.m */,
				BCE2574F1C96C53D00133F4F /* UITableView+Separator.h */,
				BCE257501C96C53D00133F4F /* UITableView+Separator.m */,
				BCE256E31C966DB400133F4F /* UIViewExt.h */,
				BCE256E41C966DB400133F4F /* UIViewExt.m */,
			);
			path = Extensions;
			sourceTree = "<group>";
		};
		BCE256E61C966DB400133F4F /* rac_extobjc */ = {
			isa = PBXGroup;
			children = (
				BCE256E71C966DB400133F4F /* RACEXTKeyPathCoding.h */,
				BCE256E81C966DB400133F4F /* RACEXTRuntimeExtensions.h */,
				BCE256E91C966DB400133F4F /* RACEXTRuntimeExtensions.m */,
				BCE256EA1C966DB400133F4F /* RACEXTScope.h */,
				BCE256EB1C966DB400133F4F /* RACmetamacros.h */,
			);
			path = rac_extobjc;
			sourceTree = "<group>";
		};
		BCE2571A1C968AED00133F4F /* Vendor */ = {
			isa = PBXGroup;
			children = (
				BC58EA8F1C9800EF001D40B0 /* KSCrash */,
				BC660B091C9724A200E04D23 /* iAppPay */,
				BCE2571C1C968AED00133F4F /* Umeng */,
				BCE257201C968AED00133F4F /* WeChatSDK */,
			);
			path = Vendor;
			sourceTree = "<group>";
		};
		BCE2571C1C968AED00133F4F /* Umeng */ = {
			isa = PBXGroup;
			children = (
				BCE2571D1C968AED00133F4F /* libMobClickLibrary.a */,
				BCE2571E1C968AED00133F4F /* MobClick.h */,
				BCE2571F1C968AED00133F4F /* MobClickSocialAnalytics.h */,
			);
			path = Umeng;
			sourceTree = "<group>";
		};
		BCE257201C968AED00133F4F /* WeChatSDK */ = {
			isa = PBXGroup;
			children = (
				BCE257211C968AED00133F4F /* libWeChatSDK.a */,
				BCE257221C968AED00133F4F /* WechatAuthSDK.h */,
				BCE257231C968AED00133F4F /* WXApi.h */,
				BCE257241C968AED00133F4F /* WXApiObject.h */,
			);
			path = WeChatSDK;
			sourceTree = "<group>";
		};
		BCE2572D1C968CEA00133F4F /* Home */ = {
			isa = PBXGroup;
			children = (
				BCE2572F1C968D2A00133F4F /* View */,
				BCE2572E1C968CFC00133F4F /* Controller */,
				BCE257301C968D3600133F4F /* Model */,
			);
			path = Home;
			sourceTree = "<group>";
		};
		BCE2572E1C968CFC00133F4F /* Controller */ = {
			isa = PBXGroup;
			children = (
				BCE257311C968D5100133F4F /* YYKHomeViewController.h */,
				BCE257321C968D5100133F4F /* YYKHomeViewController.m */,
				BCE257341C96928200133F4F /* YYKVideoLibViewController.h */,
				BCE257351C96928200133F4F /* YYKVideoLibViewController.m */,
				BCE257371C96929000133F4F /* YYKHotVideoViewController.h */,
				BCE257381C96929000133F4F /* YYKHotVideoViewController.m */,
			);
			path = Controller;
			sourceTree = "<group>";
		};
		BCE2572F1C968D2A00133F4F /* View */ = {
			isa = PBXGroup;
			children = (
				BCE257401C96ABD300133F4F /* YYKVideoCell.h */,
				BCE257411C96ABD300133F4F /* YYKVideoCell.m */,
			);
			path = View;
			sourceTree = "<group>";
		};
		BCE257301C968D3600133F4F /* Model */ = {
			isa = PBXGroup;
			children = (
				BCE2573A1C969AB700133F4F /* YYKVideoLibModel.h */,
				BCE2573B1C969AB700133F4F /* YYKVideoLibModel.m */,
				BCE257431C96AC3700133F4F /* YYKHotVideoModel.h */,
				BCE257441C96AC3700133F4F /* YYKHotVideoModel.m */,
			);
			path = Model;
			sourceTree = "<group>";
		};
		BCE257461C96B3E000133F4F /* SideMenu */ = {
			isa = PBXGroup;
			children = (
				BCE2574B1C96BE1900133F4F /* View */,
				BCE257471C96B3F200133F4F /* Controller */,
				BC58EA8B1C97DD4A001D40B0 /* Model */,
			);
			path = SideMenu;
			sourceTree = "<group>";
		};
		BCE257471C96B3F200133F4F /* Controller */ = {
			isa = PBXGroup;
			children = (
				BCE257481C96B40D00133F4F /* YYKSideMenuViewController.h */,
				BCE257491C96B40D00133F4F /* YYKSideMenuViewController.m */,
				BCE257521C96E2DC00133F4F /* YYKHistoryViewController.h */,
				BCE257531C96E2DC00133F4F /* YYKHistoryViewController.m */,
				BCE2575E1C97039300133F4F /* YYKRecommendViewController.h */,
				BCE2575F1C97039300133F4F /* YYKRecommendViewController.m */,
			);
			path = Controller;
			sourceTree = "<group>";
		};
		BCE2574B1C96BE1900133F4F /* View */ = {
			isa = PBXGroup;
			children = (
				BCE2574C1C96BE3400133F4F /* YYKSideMenuVIPCell.h */,
				BCE2574D1C96BE3400133F4F /* YYKSideMenuVIPCell.m */,
				BCE257551C96E70000133F4F /* YYKHistoryCell.h */,
				BCE257561C96E70000133F4F /* YYKHistoryCell.m */,
				BCE257611C9705E400133F4F /* YYKRecommendCell.h */,
				BCE257621C9705E400133F4F /* YYKRecommendCell.m */,
			);
			path = View;
			sourceTree = "<group>";
		};
/* End PBXGroup section */

/* Begin PBXNativeTarget section */
		BCE255FD1C966A8E00133F4F /* YYKuaibo */ = {
			isa = PBXNativeTarget;
			buildConfigurationList = BCE2562B1C966A8E00133F4F /* Build configuration list for PBXNativeTarget "YYKuaibo" */;
			buildPhases = (
				3B1E1702E1F25711A2357B6C /* Check Pods Manifest.lock */,
				BCE255FA1C966A8E00133F4F /* Sources */,
				BCE255FB1C966A8E00133F4F /* Frameworks */,
				BCE255FC1C966A8E00133F4F /* Resources */,
				068485926BA8E56A08C5EEEE /* Embed Pods Frameworks */,
				9F3C90F57F714DC306FFE87C /* Copy Pods Resources */,
			);
			buildRules = (
			);
			dependencies = (
			);
			name = YYKuaibo;
			productName = YYKuaibo;
			productReference = BCE255FE1C966A8E00133F4F /* YYKuaibo.app */;
			productType = "com.apple.product-type.application";
		};
		BCE256161C966A8E00133F4F /* YYKuaiboTests */ = {
			isa = PBXNativeTarget;
			buildConfigurationList = BCE2562E1C966A8E00133F4F /* Build configuration list for PBXNativeTarget "YYKuaiboTests" */;
			buildPhases = (
				BCE256131C966A8E00133F4F /* Sources */,
				BCE256141C966A8E00133F4F /* Frameworks */,
				BCE256151C966A8E00133F4F /* Resources */,
			);
			buildRules = (
			);
			dependencies = (
				BCE256191C966A8E00133F4F /* PBXTargetDependency */,
			);
			name = YYKuaiboTests;
			productName = YYKuaiboTests;
			productReference = BCE256171C966A8E00133F4F /* YYKuaiboTests.xctest */;
			productType = "com.apple.product-type.bundle.unit-test";
		};
		BCE256211C966A8E00133F4F /* YYKuaiboUITests */ = {
			isa = PBXNativeTarget;
			buildConfigurationList = BCE256311C966A8E00133F4F /* Build configuration list for PBXNativeTarget "YYKuaiboUITests" */;
			buildPhases = (
				BCE2561E1C966A8E00133F4F /* Sources */,
				BCE2561F1C966A8E00133F4F /* Frameworks */,
				BCE256201C966A8E00133F4F /* Resources */,
			);
			buildRules = (
			);
			dependencies = (
				BCE256241C966A8E00133F4F /* PBXTargetDependency */,
			);
			name = YYKuaiboUITests;
			productName = YYKuaiboUITests;
			productReference = BCE256221C966A8E00133F4F /* YYKuaiboUITests.xctest */;
			productType = "com.apple.product-type.bundle.ui-testing";
		};
/* End PBXNativeTarget section */

/* Begin PBXProject section */
		BCE255F61C966A8E00133F4F /* Project object */ = {
			isa = PBXProject;
			attributes = {
				LastUpgradeCheck = 0720;
				ORGANIZATIONNAME = iqu8;
				TargetAttributes = {
					BCE255FD1C966A8E00133F4F = {
						CreatedOnToolsVersion = 7.2.1;
					};
					BCE256161C966A8E00133F4F = {
						CreatedOnToolsVersion = 7.2.1;
						TestTargetID = BCE255FD1C966A8E00133F4F;
					};
					BCE256211C966A8E00133F4F = {
						CreatedOnToolsVersion = 7.2.1;
						TestTargetID = BCE255FD1C966A8E00133F4F;
					};
				};
			};
			buildConfigurationList = BCE255F91C966A8E00133F4F /* Build configuration list for PBXProject "YYKuaibo" */;
			compatibilityVersion = "Xcode 3.2";
			developmentRegion = English;
			hasScannedForEncodings = 0;
			knownRegions = (
				en,
				Base,
			);
			mainGroup = BCE255F51C966A8E00133F4F;
			productRefGroup = BCE255FF1C966A8E00133F4F /* Products */;
			projectDirPath = "";
			projectRoot = "";
			targets = (
				BCE255FD1C966A8E00133F4F /* YYKuaibo */,
				BCE256161C966A8E00133F4F /* YYKuaiboTests */,
				BCE256211C966A8E00133F4F /* YYKuaiboUITests */,
			);
		};
/* End PBXProject section */

/* Begin PBXResourcesBuildPhase section */
		BCE255FC1C966A8E00133F4F /* Resources */ = {
			isa = PBXResourcesBuildPhase;
			buildActionMask = 2147483647;
			files = (
				BCE256111C966A8E00133F4F /* LaunchScreen.storyboard in Resources */,
				BC660B101C9724A300E04D23 /* IapppayAlphaResource.bundle in Resources */,
				BCE2560E1C966A8E00133F4F /* Assets.xcassets in Resources */,
				BCE257191C9689F500133F4F /* config.plist in Resources */,
			);
			runOnlyForDeploymentPostprocessing = 0;
		};
		BCE256151C966A8E00133F4F /* Resources */ = {
			isa = PBXResourcesBuildPhase;
			buildActionMask = 2147483647;
			files = (
			);
			runOnlyForDeploymentPostprocessing = 0;
		};
		BCE256201C966A8E00133F4F /* Resources */ = {
			isa = PBXResourcesBuildPhase;
			buildActionMask = 2147483647;
			files = (
			);
			runOnlyForDeploymentPostprocessing = 0;
		};
/* End PBXResourcesBuildPhase section */

/* Begin PBXShellScriptBuildPhase section */
		068485926BA8E56A08C5EEEE /* Embed Pods Frameworks */ = {
			isa = PBXShellScriptBuildPhase;
			buildActionMask = 2147483647;
			files = (
			);
			inputPaths = (
			);
			name = "Embed Pods Frameworks";
			outputPaths = (
			);
			runOnlyForDeploymentPostprocessing = 0;
			shellPath = /bin/sh;
			shellScript = "\"${SRCROOT}/Pods/Target Support Files/Pods/Pods-frameworks.sh\"\n";
			showEnvVarsInLog = 0;
		};
		3B1E1702E1F25711A2357B6C /* Check Pods Manifest.lock */ = {
			isa = PBXShellScriptBuildPhase;
			buildActionMask = 2147483647;
			files = (
			);
			inputPaths = (
			);
			name = "Check Pods Manifest.lock";
			outputPaths = (
			);
			runOnlyForDeploymentPostprocessing = 0;
			shellPath = /bin/sh;
			shellScript = "diff \"${PODS_ROOT}/../Podfile.lock\" \"${PODS_ROOT}/Manifest.lock\" > /dev/null\nif [[ $? != 0 ]] ; then\n    cat << EOM\nerror: The sandbox is not in sync with the Podfile.lock. Run 'pod install' or update your CocoaPods installation.\nEOM\n    exit 1\nfi\n";
			showEnvVarsInLog = 0;
		};
		9F3C90F57F714DC306FFE87C /* Copy Pods Resources */ = {
			isa = PBXShellScriptBuildPhase;
			buildActionMask = 2147483647;
			files = (
			);
			inputPaths = (
			);
			name = "Copy Pods Resources";
			outputPaths = (
			);
			runOnlyForDeploymentPostprocessing = 0;
			shellPath = /bin/sh;
			shellScript = "\"${SRCROOT}/Pods/Target Support Files/Pods/Pods-resources.sh\"\n";
			showEnvVarsInLog = 0;
		};
/* End PBXShellScriptBuildPhase section */

/* Begin PBXSourcesBuildPhase section */
		BCE255FA1C966A8E00133F4F /* Sources */ = {
			isa = PBXSourcesBuildPhase;
			buildActionMask = 2147483647;
			files = (
				BCE257391C96929000133F4F /* YYKHotVideoViewController.m in Sources */,
				BC58EA8E1C97DD6A001D40B0 /* YYKAppSpreadModel.m in Sources */,
				BCE2566B1C966C2600133F4F /* YYKSystemConfig.m in Sources */,
				BCE257051C966DB400133F4F /* NSString+meltutils.m in Sources */,
				BCE257031C966DB400133F4F /* NSString+length.m in Sources */,
				BCE257091C966DB400133F4F /* UIImageView+YPBAnimation.m in Sources */,
				BCE257451C96AC3700133F4F /* YYKHotVideoModel.m in Sources */,
				BCE2570B1C966DB400133F4F /* UIViewExt.m in Sources */,
				BCE256681C966C2600133F4F /* YYKPaymentModel.m in Sources */,
				BCE257021C966DB400133F4F /* NSString+FilterHTML.m in Sources */,
				BCE257011C966DB400133F4F /* NSString+crypt.m in Sources */,
				BCE257061C966DB400133F4F /* UIColor+hexColor.m in Sources */,
				BCE256731C966C2600133F4F /* YYKPaymentPopView.m in Sources */,
				BCE256FF1C966DB400133F4F /* NSMutableDictionary+SafeCoding.m in Sources */,
				BCE256701C966C2600133F4F /* YYKVideo.m in Sources */,
				BCE2566C1C966C2600133F4F /* YYKSystemConfigModel.m in Sources */,
				BCE256361C966ACD00133F4F /* YYKAppDelegate.m in Sources */,
				BCE2574E1C96BE3400133F4F /* YYKSideMenuVIPCell.m in Sources */,
				BCE257111C966DB400133F4F /* YYKConfiguration.m in Sources */,
				BCE256031C966A8E00133F4F /* main.m in Sources */,
				BCE2566D1C966C2600133F4F /* YYKURLRequest.m in Sources */,
				BCE256711C966C2600133F4F /* YYKVideos.m in Sources */,
				BCE257001C966DB400133F4F /* NSObject+Properties.m in Sources */,
				BCE2570A1C966DB400133F4F /* UIScrollView+Refresh.m in Sources */,
				BCE2575D1C96F4F800133F4F /* YYKInputTextViewController.m in Sources */,
				BCE257421C96ABD300133F4F /* YYKVideoCell.m in Sources */,
				BCE257331C968D5100133F4F /* YYKHomeViewController.m in Sources */,
				BCE257141C966DB400133F4F /* YYKUtil.m in Sources */,
				BCE257361C96928200133F4F /* YYKVideoLibViewController.m in Sources */,
				BCE256671C966C2600133F4F /* YYKPaymentInfo.m in Sources */,
				BCE2566E1C966C2600133F4F /* YYKURLResponse.m in Sources */,
				BCE257081C966DB400133F4F /* UIImage+crop.m in Sources */,
				BC660B081C97243F00E04D23 /* YYKPaymentManager.m in Sources */,
				BCE256661C966C2600133F4F /* YYKEncryptedURLRequest.m in Sources */,
				BCE257071C966DB400133F4F /* UIImage+color.m in Sources */,
				BCE256651C966C2600133F4F /* YYKActivateModel.m in Sources */,
				BCE256FD1C966DB400133F4F /* NSDate+Utilities.m in Sources */,
				BCE257131C966DB400133F4F /* YYKHudManager.m in Sources */,
				BCE257041C966DB400133F4F /* NSString+md5.m in Sources */,
				BCE257601C97039300133F4F /* YYKRecommendViewController.m in Sources */,
				BCE256621C966C2600133F4F /* YYKBaseViewController.m in Sources */,
				BCE257121C966DB400133F4F /* YYKErrorHandler.m in Sources */,
				BCE2566A1C966C2600133F4F /* YYKProgram.m in Sources */,
				BCE257511C96C53D00133F4F /* UITableView+Separator.m in Sources */,
				BCE2573C1C969AB700133F4F /* YYKVideoLibModel.m in Sources */,
				BCE257571C96E70000133F4F /* YYKHistoryCell.m in Sources */,
				BCE257541C96E2DC00133F4F /* YYKHistoryViewController.m in Sources */,
				BCE256631C966C2600133F4F /* YYKPaymentViewController.m in Sources */,
				BCE2566F1C966C2600133F4F /* YYKUserAccessModel.m in Sources */,
				BCE2575A1C96F31200133F4F /* YYKWebViewController.m in Sources */,
				BCE2570C1C966DB400133F4F /* RACEXTRuntimeExtensions.m in Sources */,
				BCE256FE1C966DB400133F4F /* NSDictionary+YYKSign.m in Sources */,
				BCE2574A1C96B40D00133F4F /* YYKSideMenuViewController.m in Sources */,
				BCE256691C966C2600133F4F /* YYKPaymentSignModel.m in Sources */,
				BCE257631C9705E400133F4F /* YYKRecommendCell.m in Sources */,
			);
			runOnlyForDeploymentPostprocessing = 0;
		};
		BCE256131C966A8E00133F4F /* Sources */ = {
			isa = PBXSourcesBuildPhase;
			buildActionMask = 2147483647;
			files = (
				BCE2561C1C966A8E00133F4F /* YYKuaiboTests.m in Sources */,
			);
			runOnlyForDeploymentPostprocessing = 0;
		};
		BCE2561E1C966A8E00133F4F /* Sources */ = {
			isa = PBXSourcesBuildPhase;
			buildActionMask = 2147483647;
			files = (
			);
			runOnlyForDeploymentPostprocessing = 0;
		};
/* End PBXSourcesBuildPhase section */

/* Begin PBXTargetDependency section */
		BCE256191C966A8E00133F4F /* PBXTargetDependency */ = {
			isa = PBXTargetDependency;
			target = BCE255FD1C966A8E00133F4F /* YYKuaibo */;
			targetProxy = BCE256181C966A8E00133F4F /* PBXContainerItemProxy */;
		};
		BCE256241C966A8E00133F4F /* PBXTargetDependency */ = {
			isa = PBXTargetDependency;
			target = BCE255FD1C966A8E00133F4F /* YYKuaibo */;
			targetProxy = BCE256231C966A8E00133F4F /* PBXContainerItemProxy */;
		};
/* End PBXTargetDependency section */

/* Begin PBXVariantGroup section */
		BCE2560F1C966A8E00133F4F /* LaunchScreen.storyboard */ = {
			isa = PBXVariantGroup;
			children = (
				BCE256101C966A8E00133F4F /* Base */,
			);
			name = LaunchScreen.storyboard;
			sourceTree = "<group>";
		};
/* End PBXVariantGroup section */

/* Begin XCBuildConfiguration section */
		BCE256291C966A8E00133F4F /* Debug */ = {
			isa = XCBuildConfiguration;
			buildSettings = {
				ALWAYS_SEARCH_USER_PATHS = NO;
				CLANG_CXX_LANGUAGE_STANDARD = "gnu++0x";
				CLANG_CXX_LIBRARY = "libc++";
				CLANG_ENABLE_MODULES = YES;
				CLANG_ENABLE_OBJC_ARC = YES;
				CLANG_WARN_BOOL_CONVERSION = YES;
				CLANG_WARN_CONSTANT_CONVERSION = YES;
				CLANG_WARN_DIRECT_OBJC_ISA_USAGE = YES_ERROR;
				CLANG_WARN_EMPTY_BODY = YES;
				CLANG_WARN_ENUM_CONVERSION = YES;
				CLANG_WARN_INT_CONVERSION = YES;
				CLANG_WARN_OBJC_ROOT_CLASS = YES_ERROR;
				CLANG_WARN_UNREACHABLE_CODE = YES;
				CLANG_WARN__DUPLICATE_METHOD_MATCH = YES;
				CODE_SIGN_IDENTITY = "iPhone Distribution: Tianjin Institute of Surveying and Mapping";
				"CODE_SIGN_IDENTITY[sdk=iphoneos*]" = "iPhone Distribution: Tianjin Institute of Surveying and Mapping";
				COPY_PHASE_STRIP = NO;
				DEBUG_INFORMATION_FORMAT = dwarf;
				ENABLE_BITCODE = NO;
				ENABLE_STRICT_OBJC_MSGSEND = YES;
				ENABLE_TESTABILITY = YES;
				GCC_C_LANGUAGE_STANDARD = gnu99;
				GCC_DYNAMIC_NO_PIC = NO;
				GCC_NO_COMMON_BLOCKS = YES;
				GCC_OPTIMIZATION_LEVEL = 0;
				GCC_PREFIX_HEADER = YYKuaibo/YYKPrefixHeader.pch;
				GCC_PREPROCESSOR_DEFINITIONS = (
					"DEBUG=1",
					"$(inherited)",
				);
				GCC_WARN_64_TO_32_BIT_CONVERSION = YES;
				GCC_WARN_ABOUT_RETURN_TYPE = YES_ERROR;
				GCC_WARN_UNDECLARED_SELECTOR = YES;
				GCC_WARN_UNINITIALIZED_AUTOS = YES_AGGRESSIVE;
				GCC_WARN_UNUSED_FUNCTION = YES;
				GCC_WARN_UNUSED_VARIABLE = YES;
				IPHONEOS_DEPLOYMENT_TARGET = 7.0;
				MTL_ENABLE_DEBUG_INFO = YES;
				ONLY_ACTIVE_ARCH = YES;
				PROVISIONING_PROFILE = "5440a7bc-3ca0-40db-81da-139ccabb600b";
				SDKROOT = iphoneos;
			};
			name = Debug;
		};
		BCE2562A1C966A8E00133F4F /* Release */ = {
			isa = XCBuildConfiguration;
			buildSettings = {
				ALWAYS_SEARCH_USER_PATHS = NO;
				CLANG_CXX_LANGUAGE_STANDARD = "gnu++0x";
				CLANG_CXX_LIBRARY = "libc++";
				CLANG_ENABLE_MODULES = YES;
				CLANG_ENABLE_OBJC_ARC = YES;
				CLANG_WARN_BOOL_CONVERSION = YES;
				CLANG_WARN_CONSTANT_CONVERSION = YES;
				CLANG_WARN_DIRECT_OBJC_ISA_USAGE = YES_ERROR;
				CLANG_WARN_EMPTY_BODY = YES;
				CLANG_WARN_ENUM_CONVERSION = YES;
				CLANG_WARN_INT_CONVERSION = YES;
				CLANG_WARN_OBJC_ROOT_CLASS = YES_ERROR;
				CLANG_WARN_UNREACHABLE_CODE = YES;
				CLANG_WARN__DUPLICATE_METHOD_MATCH = YES;
				CODE_SIGN_IDENTITY = "iPhone Distribution: Tianjin Institute of Surveying and Mapping";
				"CODE_SIGN_IDENTITY[sdk=iphoneos*]" = "iPhone Distribution: Tianjin Institute of Surveying and Mapping";
				COPY_PHASE_STRIP = NO;
				DEBUG_INFORMATION_FORMAT = "dwarf-with-dsym";
				DEPLOYMENT_POSTPROCESSING = YES;
				ENABLE_BITCODE = NO;
				ENABLE_NS_ASSERTIONS = NO;
				ENABLE_STRICT_OBJC_MSGSEND = YES;
				GCC_C_LANGUAGE_STANDARD = gnu99;
				GCC_NO_COMMON_BLOCKS = YES;
				GCC_PREFIX_HEADER = YYKuaibo/YYKPrefixHeader.pch;
				GCC_WARN_64_TO_32_BIT_CONVERSION = YES;
				GCC_WARN_ABOUT_RETURN_TYPE = YES_ERROR;
				GCC_WARN_UNDECLARED_SELECTOR = YES;
				GCC_WARN_UNINITIALIZED_AUTOS = YES_AGGRESSIVE;
				GCC_WARN_UNUSED_FUNCTION = YES;
				GCC_WARN_UNUSED_VARIABLE = YES;
				IPHONEOS_DEPLOYMENT_TARGET = 7.0;
				MTL_ENABLE_DEBUG_INFO = NO;
				PROVISIONING_PROFILE = "5440a7bc-3ca0-40db-81da-139ccabb600b";
				SDKROOT = iphoneos;
				VALIDATE_PRODUCT = YES;
			};
			name = Release;
		};
		BCE2562C1C966A8E00133F4F /* Debug */ = {
			isa = XCBuildConfiguration;
			baseConfigurationReference = 26563315252187AA0C5AEA85 /* Pods.debug.xcconfig */;
			buildSettings = {
				ASSETCATALOG_COMPILER_APPICON_NAME = AppIcon;
				ASSETCATALOG_COMPILER_LAUNCHIMAGE_NAME = LaunchImage;
				CODE_SIGN_IDENTITY = "iPhone Distribution: Tianjin Institute of Surveying and Mapping";
				FRAMEWORK_SEARCH_PATHS = (
					"$(inherited)",
					"$(PROJECT_DIR)/YYKuaibo/Class/Vendor/iAppPay/DependenceSDK",
					"$(PROJECT_DIR)/YYKuaibo/Class/Vendor/iAppPay",
					"$(PROJECT_DIR)/YYKuaibo/Class/Vendor/KSCrash",
				);
				INFOPLIST_FILE = YYKuaibo/Info.plist;
				LD_RUNPATH_SEARCH_PATHS = "$(inherited) @executable_path/Frameworks";
				LIBRARY_SEARCH_PATHS = (
					"$(inherited)",
					"$(PROJECT_DIR)/YYKuaibo/Class/Vendor/Umeng",
					"$(PROJECT_DIR)/YYKuaibo/Class/Vendor/WeChatSDK",
				);
				PRODUCT_BUNDLE_IDENTIFIER = com.yykuaibocp.app;
				PRODUCT_NAME = "$(TARGET_NAME)";
				PROVISIONING_PROFILE = "5440a7bc-3ca0-40db-81da-139ccabb600b";
				TARGETED_DEVICE_FAMILY = "1,2";
			};
			name = Debug;
		};
		BCE2562D1C966A8E00133F4F /* Release */ = {
			isa = XCBuildConfiguration;
			baseConfigurationReference = 5220C7BCBCEF2D19CB8CBF73 /* Pods.release.xcconfig */;
			buildSettings = {
				ASSETCATALOG_COMPILER_APPICON_NAME = AppIcon;
				ASSETCATALOG_COMPILER_LAUNCHIMAGE_NAME = LaunchImage;
				CODE_SIGN_IDENTITY = "iPhone Distribution: Tianjin Institute of Surveying and Mapping";
				FRAMEWORK_SEARCH_PATHS = (
					"$(inherited)",
					"$(PROJECT_DIR)/YYKuaibo/Class/Vendor/iAppPay/DependenceSDK",
					"$(PROJECT_DIR)/YYKuaibo/Class/Vendor/iAppPay",
					"$(PROJECT_DIR)/YYKuaibo/Class/Vendor/KSCrash",
				);
				INFOPLIST_FILE = YYKuaibo/Info.plist;
				LD_RUNPATH_SEARCH_PATHS = "$(inherited) @executable_path/Frameworks";
				LIBRARY_SEARCH_PATHS = (
					"$(inherited)",
					"$(PROJECT_DIR)/YYKuaibo/Class/Vendor/Umeng",
					"$(PROJECT_DIR)/YYKuaibo/Class/Vendor/WeChatSDK",
				);
				PRODUCT_BUNDLE_IDENTIFIER = com.yykuaibocp.app;
				PRODUCT_NAME = "$(TARGET_NAME)";
				PROVISIONING_PROFILE = "5440a7bc-3ca0-40db-81da-139ccabb600b";
				TARGETED_DEVICE_FAMILY = "1,2";
			};
			name = Release;
		};
		BCE2562F1C966A8E00133F4F /* Debug */ = {
			isa = XCBuildConfiguration;
			buildSettings = {
				BUNDLE_LOADER = "$(TEST_HOST)";
				INFOPLIST_FILE = YYKuaiboTests/Info.plist;
				LD_RUNPATH_SEARCH_PATHS = "$(inherited) @executable_path/Frameworks @loader_path/Frameworks";
				PRODUCT_BUNDLE_IDENTIFIER = com.iqu8.YYKuaiboTests;
				PRODUCT_NAME = "$(TARGET_NAME)";
				TEST_HOST = "$(BUILT_PRODUCTS_DIR)/YYKuaibo.app/YYKuaibo";
			};
			name = Debug;
		};
		BCE256301C966A8E00133F4F /* Release */ = {
			isa = XCBuildConfiguration;
			buildSettings = {
				BUNDLE_LOADER = "$(TEST_HOST)";
				INFOPLIST_FILE = YYKuaiboTests/Info.plist;
				LD_RUNPATH_SEARCH_PATHS = "$(inherited) @executable_path/Frameworks @loader_path/Frameworks";
				PRODUCT_BUNDLE_IDENTIFIER = com.iqu8.YYKuaiboTests;
				PRODUCT_NAME = "$(TARGET_NAME)";
				TEST_HOST = "$(BUILT_PRODUCTS_DIR)/YYKuaibo.app/YYKuaibo";
			};
			name = Release;
		};
		BCE256321C966A8E00133F4F /* Debug */ = {
			isa = XCBuildConfiguration;
			buildSettings = {
				INFOPLIST_FILE = YYKuaiboUITests/Info.plist;
				LD_RUNPATH_SEARCH_PATHS = "$(inherited) @executable_path/Frameworks @loader_path/Frameworks";
				PRODUCT_BUNDLE_IDENTIFIER = com.iqu8.YYKuaiboUITests;
				PRODUCT_NAME = "$(TARGET_NAME)";
				TEST_TARGET_NAME = YYKuaibo;
				USES_XCTRUNNER = YES;
			};
			name = Debug;
		};
		BCE256331C966A8E00133F4F /* Release */ = {
			isa = XCBuildConfiguration;
			buildSettings = {
				INFOPLIST_FILE = YYKuaiboUITests/Info.plist;
				LD_RUNPATH_SEARCH_PATHS = "$(inherited) @executable_path/Frameworks @loader_path/Frameworks";
				PRODUCT_BUNDLE_IDENTIFIER = com.iqu8.YYKuaiboUITests;
				PRODUCT_NAME = "$(TARGET_NAME)";
				TEST_TARGET_NAME = YYKuaibo;
				USES_XCTRUNNER = YES;
			};
			name = Release;
		};
/* End XCBuildConfiguration section */

/* Begin XCConfigurationList section */
		BCE255F91C966A8E00133F4F /* Build configuration list for PBXProject "YYKuaibo" */ = {
			isa = XCConfigurationList;
			buildConfigurations = (
				BCE256291C966A8E00133F4F /* Debug */,
				BCE2562A1C966A8E00133F4F /* Release */,
			);
			defaultConfigurationIsVisible = 0;
			defaultConfigurationName = Release;
		};
		BCE2562B1C966A8E00133F4F /* Build configuration list for PBXNativeTarget "YYKuaibo" */ = {
			isa = XCConfigurationList;
			buildConfigurations = (
				BCE2562C1C966A8E00133F4F /* Debug */,
				BCE2562D1C966A8E00133F4F /* Release */,
			);
			defaultConfigurationIsVisible = 0;
			defaultConfigurationName = Release;
		};
		BCE2562E1C966A8E00133F4F /* Build configuration list for PBXNativeTarget "YYKuaiboTests" */ = {
			isa = XCConfigurationList;
			buildConfigurations = (
				BCE2562F1C966A8E00133F4F /* Debug */,
				BCE256301C966A8E00133F4F /* Release */,
			);
			defaultConfigurationIsVisible = 0;
			defaultConfigurationName = Release;
		};
		BCE256311C966A8E00133F4F /* Build configuration list for PBXNativeTarget "YYKuaiboUITests" */ = {
			isa = XCConfigurationList;
			buildConfigurations = (
				BCE256321C966A8E00133F4F /* Debug */,
				BCE256331C966A8E00133F4F /* Release */,
			);
			defaultConfigurationIsVisible = 0;
			defaultConfigurationName = Release;
		};
/* End XCConfigurationList section */
	};
	rootObject = BCE255F61C966A8E00133F4F /* Project object */;
}
